
Microsoft Visual Studio Solution File, Format Version 12.00
# Visual Studio Version 17
VisualStudioVersion = 17.1.32407.343
MinimumVisualStudioVersion = 10.0.40219.1
Project("{9A19103F-16F7-4668-BE54-9A1E7A4F7556}") = "BlazorServerApp", "src\BlazorServerApp\BlazorServerApp.csproj", "{4B91B5A0-1770-4D33-B364-4F9FAB9BDEF1}"
EndProject
Project("{2150E333-8FDC-42A3-9474-1A3956D46DE8}") = "0 - Solution Items", "0 - Solution Items", "{B93C4245-4621-4741-BD6D-E0819D895243}"
	ProjectSection(SolutionItems) = preProject
		.editorconfig = .editorconfig
	EndProjectSection
EndProject
Project("{2150E333-8FDC-42A3-9474-1A3956D46DE8}") = "1 - Libraries", "1 - Libraries", "{50A14F78-A48F-43FD-86F1-1C6D7EA8AE30}"
EndProject
Project("{2150E333-8FDC-42A3-9474-1A3956D46DE8}") = "2 - Applications", "2 - Applications", "{31F1473B-590A-40F6-B468-293F2555172C}"
EndProject
Global
	GlobalSection(SolutionConfigurationPlatforms) = preSolution
		Debug|Any CPU = Debug|Any CPU
		Release|Any CPU = Release|Any CPU
	EndGlobalSection
	GlobalSection(ProjectConfigurationPlatforms) = postSolution
		{4B91B5A0-1770-4D33-B364-4F9FAB9BDEF1}.Debug|Any CPU.ActiveCfg = Debug|Any CPU
		{4B91B5A0-1770-4D33-B364-4F9FAB9BDEF1}.Debug|Any CPU.Build.0 = Debug|Any CPU
		{4B91B5A0-1770-4D33-B364-4F9FAB9BDEF1}.Release|Any CPU.ActiveCfg = Release|Any CPU
		{4B91B5A0-1770-4D33-B364-4F9FAB9BDEF1}.Release|Any CPU.Build.0 = Release|Any CPU
	EndGlobalSection
	GlobalSection(SolutionProperties) = preSolution
		HideSolutionNode = FALSE
	EndGlobalSection
	GlobalSection(NestedProjects) = preSolution
		{4B91B5A0-1770-4D33-B364-4F9FAB9BDEF1} = {31F1473B-590A-40F6-B468-293F2555172C}
	EndGlobalSection
	GlobalSection(ExtensibilityGlobals) = postSolution
		SolutionGuid = {F4093D57-0B3F-4204-8223-0712C64E7554}
	EndGlobalSection
EndGlobal
